
Microsoft Visual Studio Solution File, Format Version 12.00
# Visual Studio Version 18
VisualStudioVersion = 18.5.11723.231 stable
MinimumVisualStudioVersion = 10.0.40219.1
Project("{FAE04EC0-301F-11D3-BF4B-00C04F79EFBC}") = "Presentacion", "Presentacion.csproj", "{D5A486B2-EA11-FF1B-4446-47841369F50D}"
EndProject
Global
	GlobalSection(SolutionConfigurationPlatforms) = preSolution
		Debug|Any CPU = Debug|Any CPU
		Release|Any CPU = Release|Any CPU
	EndGlobalSection
	GlobalSection(ProjectConfigurationPlatforms) = postSolution
		{D5A486B2-EA11-FF1B-4446-47841369F50D}.Debug|Any CPU.ActiveCfg = Debug|Any CPU
		{D5A486B2-EA11-FF1B-4446-47841369F50D}.Debug|Any CPU.Build.0 = Debug|Any CPU
		{D5A486B2-EA11-FF1B-4446-47841369F50D}.Release|Any CPU.ActiveCfg = Release|Any CPU
		{D5A486B2-EA11-FF1B-4446-47841369F50D}.Release|Any CPU.Build.0 = Release|Any CPU
	EndGlobalSection
	GlobalSection(SolutionProperties) = preSolution
		HideSolutionNode = FALSE
	EndGlobalSection
	GlobalSection(ExtensibilityGlobals) = postSolution
		SolutionGuid = {CCB0A2E2-1F96-449F-9DE4-FD6FCB30FC9E}
	EndGlobalSection
EndGlobal
